github.com/iancoleman/orderedmap v0.2.0 h1:sq1N/TFpYH++aViPcaKjys3bDClUEU7s5B+z6jq8pNA=
github.com/iancoleman/orderedmap v0.2.0/go.mod h1:N0Wam8K1arqPXNWjMo21EXnBPOPp36vB07FNRdD2geA=
github.com/ionous/errutil v0.0.0-20210301225645-f05ff1857722 h1:Yxqh1aDEonD1lSmjqMIQxXjrMHrcXwSltOoP/jzmmgY=
github.com/ionous/errutil v0.0.0-20210301225645-f05ff1857722/go.mod h1:VTJyhHa1tKod+S1ORlJT13G6ik3i8eOZJetFxkP9mQ4=
github.com/ionous/inflect v0.0.0-20201029204737-e550d35d1f31 h1:b98Vr8yCShUMctUmY0NCcbU5O+9ta8p2EUblaJervgE=
github.com/ionous/inflect v0.0.0-20201029204737-e550d35d1f31/go.mod h1:016aeaLXwujOf8/hgfMo6GjAEtTcxPgGlyel7y79EXw=
github.com/ionous/num2words v0.0.0-20210224003458-c9a432ced842 h1:K/aFsqWoWaqdjobmzTflGFNlydiiZwviwzNykM/NDGc=
github.com/ionous/num2words v0.0.0-20210224003458-c9a432ced842/go.mod h1:wHkp9uwaQwPnxNpUblAkQsJz2q0Rdvuxk1WTN5zO1p8=
github.com/ionous/sliceOf v0.0.0-20170627065049-c4e57a86cb77 h1:ESMGebexC3FTSESyloX5i9uO0gYKDvxYSZ4WCASWzFw=
github.com/ionous/sliceOf v0.0.0-20170627065049-c4e57a86cb77/go.mod h1:l0XYSHRaNw8qImDaNqe4cd4kAG9HHj6799UaA7NvRjE=
github.com/kr/pretty v0.2.1 h1:Fmg33tUaq4/8ym9TJN1x7sLJnHVwhP33CNkpYV/7rwI=
github.com/kr/pretty v0.2.1/go.mod h1:ipq/a2n7PKx3OHsz4KJII5eveXtPO4qwEXGdVfWzfnI=
github.com/kr/pty v1.1.1/go.mod h1:pFQYn66WHrOpPYNljwOMqo10TkYh1fy3cYio2l3bCsQ=
github.com/kr/text v0.1.0 h1:45sCR5RtlFHMR4UwH9sdQ5TC8v0qDQCHnXt+kaKSTVE=
github.com/kr/text v0.1.0/go.mod h1:4Jbv+DJW3UT/LiOwJeYQe1efqtUx/iVham/4vfdArNI=
github.com/mattn/go-sqlite3 v1.14.6 h1:dNPt6NO46WmLVt2DLNpwczCmdV5boIZ6g/tlDrlRUbg=
github.com/mattn/go-sqlite3 v1.14.6/go.mod h1:NyWgC/yNuGj7Q9rpYnZvas74GogHl5/Z4A/KQRfk6bU=
github.com/reiver/go-porterstemmer v1.0.1 h1:WyERBkASXgoXrTwq/IQ6wyNj/YG7j/ZURvTuMCoud5w=
github.com/reiver/go-porterstemmer v1.0.1/go.mod h1:Z8uL/f/7UEwaeAJNwx1sO8kbqXiEuQieNuD735hLrSU=
