github.com/creack/pty v1.1.9/go.mod h1:oKZEueFk5CKHvIhNR5MUki03XCEU+Q6VDXinZuGJ33E=
github.com/ionous/errutil v0.0.0-20231013205411-87ce252b8e2a h1:/paMk6GqmC+hZ1hwBnYPOMallnUeFgwiVeHwKJ1pOiM=
github.com/ionous/errutil v0.0.0-20231013205411-87ce252b8e2a/go.mod h1:zMqS78UYUXJE++elmcxFAM0+ZoaHMdts3wTdOEfAON0=
github.com/ionous/inflect v0.0.0-20211113032332-adfb17b87f92 h1:eeTvfF+lB5/gUTN9ASTcCeWNtjvdRIXexLbgMau6o+8=
github.com/ionous/inflect v0.0.0-20211113032332-adfb17b87f92/go.mod h1:N6oU69pQDLcj2PZ7zRuBOq3IfONghs1j8OZyepNkoVg=
github.com/ionous/num2words v0.0.0-20210224003458-c9a432ced842 h1:K/aFsqWoWaqdjobmzTflGFNlydiiZwviwzNykM/NDGc=
github.com/ionous/num2words v0.0.0-20210224003458-c9a432ced842/go.mod h1:wHkp9uwaQwPnxNpUblAkQsJz2q0Rdvuxk1WTN5zO1p8=
github.com/ionous/sliceOf v0.0.0-20231013204913-2f9ceef9e224 h1:TddzAi4qM5WMUmywEf5Bigstz7RTdrm4CvDtw+lWngU=
github.com/ionous/sliceOf v0.0.0-20231013204913-2f9ceef9e224/go.mod h1:l0XYSHRaNw8qImDaNqe4cd4kAG9HHj6799UaA7NvRjE=
github.com/ionous/tell v0.9.2 h1:K82KC1DQjcGhyVpFjmcAY0wKC4CG3f/PFE7bb+n02uY=
github.com/ionous/tell v0.9.2/go.mod h1:UWqqRyE4v3lqFSA4LsgnEBXPTAaHjjSBBr+8bZbOFGY=
github.com/kr/pretty v0.3.1 h1:flRD4NNwYAUpkphVc1HcthR4KEIFJ65n8Mw5qdRn3LE=
github.com/kr/pretty v0.3.1/go.mod h1:hoEshYVHaxMs3cyo3Yncou5ZscifuDolrwPKZanG3xk=
github.com/kr/text v0.2.0 h1:5Nx0Ya0ZqY2ygV366QzturHI13Jq95ApcVaJBhpS+AY=
github.com/kr/text v0.2.0/go.mod h1:eLer722TekiGuMkidMxC/pM04lWEeraHUUmBw8l2grE=
github.com/mattn/go-sqlite3 v1.14.22 h1:2gZY6PC6kBnID23Tichd1K+Z0oS6nE/XwU+Vz/5o4kU=
github.com/mattn/go-sqlite3 v1.14.22/go.mod h1:Uh1q+B4BYcTPb+yiD3kU8Ct7aC0hY9fxUwlHK0RXw+Y=
github.com/mitchellh/go-wordwrap v1.0.1 h1:TLuKupo69TCn6TQSyGxwI1EblZZEsQ0vMlAFQflz0v0=
github.com/mitchellh/go-wordwrap v1.0.1/go.mod h1:R62XHJLzvMFRBbcrT7m7WgmE1eOyTSsCt+hzestvNj0=
github.com/pkg/diff v0.0.0-20210226163009-20ebb0f2a09e/go.mod h1:pJLUxLENpZxwdsKMEsNbx1VGcRFpLqf3715MtcvvzbA=
github.com/reiver/go-porterstemmer v1.0.1 h1:WyERBkASXgoXrTwq/IQ6wyNj/YG7j/ZURvTuMCoud5w=
github.com/reiver/go-porterstemmer v1.0.1/go.mod h1:Z8uL/f/7UEwaeAJNwx1sO8kbqXiEuQieNuD735hLrSU=
github.com/rogpeppe/go-internal v1.9.0 h1:73kH8U+JUqXU8lRuOHeVHaa/SZPifC7BkcraZVejAe8=
github.com/rogpeppe/go-internal v1.9.0/go.mod h1:WtVeX8xhTBvf0smdhujwtBcq4Qrzq/fJaraNFVN+nFs=
golang.org/x/sys v0.22.0 h1:RI27ohtqKCnwULzJLqkv897zojh5/DwS/ENaMzUOaWI=
golang.org/x/sys v0.22.0/go.mod h1:/VUhepiaJMQUp4+oa/7Zr1D23ma6VTLIYjOOTFZPUcA=
